// !$*UTF8*$!
{
	archiveVersion = 1;
	classes = {
	};
	objectVersion = 46;
	objects = {

/* Begin PBXBuildFile section */
		D9E73CA91EE684B000693AD9 /* main.cpp in Sources */ = {isa = PBXBuildFile; fileRef = D9E73CA81EE684B000693AD9 /* main.cpp */; };
		D9E73CB11EE684C800693AD9 /* DataMatrix.cpp in Sources */ = {isa = PBXBuildFile; fileRef = D9E73CAF1EE684C800693AD9 /* DataMatrix.cpp */; };
/* End PBXBuildFile section */

/* Begin PBXCopyFilesBuildPhase section */
		D9E73CA31EE684B000693AD9 /* CopyFiles */ = {
			isa = PBXCopyFilesBuildPhase;
			buildActionMask = 2147483647;
			dstPath = /usr/share/man/man1/;
			dstSubfolderSpec = 0;
			files = (
			);
			runOnlyForDeploymentPostprocessing = 1;
		};
/* End PBXCopyFilesBuildPhase section */

/* Begin PBXFileReference section */
		D9E73CA51EE684B000693AD9 /* SupervisedLearningStocks */ = {isa = PBXFileReference; explicitFileType = "compiled.mach-o.executable"; includeInIndex = 0; path = SupervisedLearningStocks; sourceTree = BUILT_PRODUCTS_DIR; };
		D9E73CA81EE684B000693AD9 /* main.cpp */ = {isa = PBXFileReference; lastKnownFileType = sourcecode.cpp.cpp; path = main.cpp; sourceTree = "<group>"; };
		D9E73CAF1EE684C800693AD9 /* DataMatrix.cpp */ = {isa = PBXFileReference; fileEncoding = 4; lastKnownFileType = sourcecode.cpp.cpp; path = DataMatrix.cpp; sourceTree = "<group>"; };
		D9E73CB01EE684C800693AD9 /* DataMatrix.hpp */ = {isa = PBXFileReference; fileEncoding = 4; lastKnownFileType = sourcecode.cpp.h; path = DataMatrix.hpp; sourceTree = "<group>"; };
/* End PBXFileReference section */

/* Begin PBXFrameworksBuildPhase section */
		D9E73CA21EE684B000693AD9 /* Frameworks */ = {
			isa = PBXFrameworksBuildPhase;
			buildActionMask = 2147483647;
			files = (
			);
			runOnlyForDeploymentPostprocessing = 0;
		};
/* End PBXFrameworksBuildPhase section */

/* Begin PBXGroup section */
		D9E73C9C1EE684B000693AD9 = {
			isa = PBXGroup;
			children = (
				D9E73CA71EE684B000693AD9 /* SupervisedLearningStocks */,
				D9E73CA61EE684B000693AD9 /* Products */,
			);
			sourceTree = "<group>";
		};
		D9E73CA61EE684B000693AD9 /* Products */ = {
			isa = PBXGroup;
			children = (
				D9E73CA51EE684B000693AD9 /* SupervisedLearningStocks */,
			);
			name = Products;
			sourceTree = "<group>";
		};
		D9E73CA71EE684B000693AD9 /* SupervisedLearningStocks */ = {
			isa = PBXGroup;
			children = (
				D9E73CA81EE684B000693AD9 /* main.cpp */,
				D9E73CB21EE684CC00693AD9 /* DataMatrix */,
			);
			path = SupervisedLearningStocks;
			sourceTree = "<group>";
		};
		D9E73CB21EE684CC00693AD9 /* DataMatrix */ = {
			isa = PBXGroup;
			children = (
				D9E73CAF1EE684C800693AD9 /* DataMatrix.cpp */,
				D9E73CB01EE684C800693AD9 /* DataMatrix.hpp */,
			);
			name = DataMatrix;
			sourceTree = "<group>";
		};
/* End PBXGroup section */

/* Begin PBXNativeTarget section */
		D9E73CA41EE684B000693AD9 /* SupervisedLearningStocks */ = {
			isa = PBXNativeTarget;
			buildConfigurationList = D9E73CAC1EE684B000693AD9 /* Build configuration list for PBXNativeTarget "SupervisedLearningStocks" */;
			buildPhases = (
				D9E73CA11EE684B000693AD9 /* Sources */,
				D9E73CA21EE684B000693AD9 /* Frameworks */,
				D9E73CA31EE684B000693AD9 /* CopyFiles */,
			);
			buildRules = (
			);
			dependencies = (
			);
			name = SupervisedLearningStocks;
			productName = SupervisedLearningStocks;
			productReference = D9E73CA51EE684B000693AD9 /* SupervisedLearningStocks */;
			productType = "com.apple.product-type.tool";
		};
/* End PBXNativeTarget section */

/* Begin PBXProject section */
		D9E73C9D1EE684B000693AD9 /* Project object */ = {
			isa = PBXProject;
			attributes = {
				LastUpgradeCheck = 0830;
				ORGANIZATIONNAME = "Ujjwal Singhania";
				TargetAttributes = {
					D9E73CA41EE684B000693AD9 = {
						CreatedOnToolsVersion = 8.3.2;
						DevelopmentTeam = 6ZTX9P34UK;
						ProvisioningStyle = Automatic;
					};
				};
			};
			buildConfigurationList = D9E73CA01EE684B000693AD9 /* Build configuration list for PBXProject "SupervisedLearningStocks" */;
			compatibilityVersion = "Xcode 3.2";
			developmentRegion = English;
			hasScannedForEncodings = 0;
			knownRegions = (
				en,
			);
			mainGroup = D9E73C9C1EE684B000693AD9;
			productRefGroup = D9E73CA61EE684B000693AD9 /* Products */;
			projectDirPath = "";
			projectRoot = "";
			targets = (
				D9E73CA41EE684B000693AD9 /* SupervisedLearningStocks */,
			);
		};
/* End PBXProject section */

/* Begin PBXSourcesBuildPhase section */
		D9E73CA11EE684B000693AD9 /* Sources */ = {
			isa = PBXSourcesBuildPhase;
			buildActionMask = 2147483647;
			files = (
				D9E73CB11EE684C800693AD9 /* DataMatrix.cpp in Sources */,
				D9E73CA91EE684B000693AD9 /* main.cpp in Sources */,
			);
			runOnlyForDeploymentPostprocessing = 0;
		};
/* End PBXSourcesBuildPhase section */

/* Begin XCBuildConfiguration section */
		D9E73CAA1EE684B000693AD9 /* Debug */ = {
			isa = XCBuildConfiguration;
			buildSettings = {
				ALWAYS_SEARCH_USER_PATHS = NO;
				CLANG_ANALYZER_NONNULL = YES;
				CLANG_ANALYZER_NUMBER_OBJECT_CONVERSION = YES_AGGRESSIVE;
				CLANG_CXX_LANGUAGE_STANDARD = "gnu++0x";
				CLANG_CXX_LIBRARY = "libc++";
				CLANG_ENABLE_MODULES = YES;
				CLANG_ENABLE_OBJC_ARC = YES;
				CLANG_WARN_BOOL_CONVERSION = YES;
				CLANG_WARN_CONSTANT_CONVERSION = YES;
				CLANG_WARN_DIRECT_OBJC_ISA_USAGE = YES_ERROR;
				CLANG_WARN_DOCUMENTATION_COMMENTS = YES;
				CLANG_WARN_EMPTY_BODY = YES;
				CLANG_WARN_ENUM_CONVERSION = YES;
				CLANG_WARN_INFINITE_RECURSION = YES;
				CLANG_WARN_INT_CONVERSION = YES;
				CLANG_WARN_OBJC_ROOT_CLASS = YES_ERROR;
				CLANG_WARN_SUSPICIOUS_MOVE = YES;
				CLANG_WARN_UNREACHABLE_CODE = YES;
				CLANG_WARN__DUPLICATE_METHOD_MATCH = YES;
				CODE_SIGN_IDENTITY = "-";
				COPY_PHASE_STRIP = NO;
				DEBUG_INFORMATION_FORMAT = dwarf;
				ENABLE_STRICT_OBJC_MSGSEND = YES;
				ENABLE_TESTABILITY = YES;
				GCC_C_LANGUAGE_STANDARD = gnu99;
				GCC_DYNAMIC_NO_PIC = NO;
				GCC_NO_COMMON_BLOCKS = YES;
				GCC_OPTIMIZATION_LEVEL = 0;
				GCC_PREPROCESSOR_DEFINITIONS = (
					"DEBUG=1",
					"$(inherited)",
				);
				GCC_WARN_64_TO_32_BIT_CONVERSION = YES;
				GCC_WARN_ABOUT_RETURN_TYPE = YES_ERROR;
				GCC_WARN_UNDECLARED_SELECTOR = YES;
				GCC_WARN_UNINITIALIZED_AUTOS = YES_AGGRESSIVE;
				GCC_WARN_UNUSED_FUNCTION = YES;
				GCC_WARN_UNUSED_VARIABLE = YES;
				MACOSX_DEPLOYMENT_TARGET = 10.12;
				MTL_ENABLE_DEBUG_INFO = YES;
				ONLY_ACTIVE_ARCH = YES;
				SDKROOT = macosx;
			};
			name = Debug;
		};
		D9E73CAB1EE684B000693AD9 /* Release */ = {
			isa = XCBuildConfiguration;
			buildSettings = {
				ALWAYS_SEARCH_USER_PATHS = NO;
				CLANG_ANALYZER_NONNULL = YES;
				CLANG_ANALYZER_NUMBER_OBJECT_CONVERSION = YES_AGGRESSIVE;
				CLANG_CXX_LANGUAGE_STANDARD = "gnu++0x";
				CLANG_CXX_LIBRARY = "libc++";
				CLANG_ENABLE_MODULES = YES;
				CLANG_ENABLE_OBJC_ARC = YES;
				CLANG_WARN_BOOL_CONVERSION = YES;
				CLANG_WARN_CONSTANT_CONVERSION = YES;
				CLANG_WARN_DIRECT_OBJC_ISA_USAGE = YES_ERROR;
				CLANG_WARN_DOCUMENTATION_COMMENTS = YES;
				CLANG_WARN_EMPTY_BODY = YES;
				CLANG_WARN_ENUM_CONVERSION = YES;
				CLANG_WARN_INFINITE_RECURSION = YES;
				CLANG_WARN_INT_CONVERSION = YES;
				CLANG_WARN_OBJC_ROOT_CLASS = YES_ERROR;
				CLANG_WARN_SUSPICIOUS_MOVE = YES;
				CLANG_WARN_UNREACHABLE_CODE = YES;
				CLANG_WARN__DUPLICATE_METHOD_MATCH = YES;
				CODE_SIGN_IDENTITY = "-";
				COPY_PHASE_STRIP = NO;
				DEBUG_INFORMATION_FORMAT = "dwarf-with-dsym";
				ENABLE_NS_ASSERTIONS = NO;
				ENABLE_STRICT_OBJC_MSGSEND = YES;
				GCC_C_LANGUAGE_STANDARD = gnu99;
				GCC_NO_COMMON_BLOCKS = YES;
				GCC_WARN_64_TO_32_BIT_CONVERSION = YES;
				GCC_WARN_ABOUT_RETURN_TYPE = YES_ERROR;
				GCC_WARN_UNDECLARED_SELECTOR = YES;
				GCC_WARN_UNINITIALIZED_AUTOS = YES_AGGRESSIVE;
				GCC_WARN_UNUSED_FUNCTION = YES;
				GCC_WARN_UNUSED_VARIABLE = YES;
				MACOSX_DEPLOYMENT_TARGET = 10.12;
				MTL_ENABLE_DEBUG_INFO = NO;
				SDKROOT = macosx;
			};
			name = Release;
		};
		D9E73CAD1EE684B000693AD9 /* Debug */ = {
			isa = XCBuildConfiguration;
			buildSettings = {
				DEVELOPMENT_TEAM = 6ZTX9P34UK;
				PRODUCT_NAME = "$(TARGET_NAME)";
			};
			name = Debug;
		};
		D9E73CAE1EE684B000693AD9 /* Release */ = {
			isa = XCBuildConfiguration;
			buildSettings = {
				DEVELOPMENT_TEAM = 6ZTX9P34UK;
				PRODUCT_NAME = "$(TARGET_NAME)";
			};
			name = Release;
		};
/* End XCBuildConfiguration section */

/* Begin XCConfigurationList section */
		D9E73CA01EE684B000693AD9 /* Build configuration list for PBXProject "SupervisedLearningStocks" */ = {
			isa = XCConfigurationList;
			buildConfigurations = (
				D9E73CAA1EE684B000693AD9 /* Debug */,
				D9E73CAB1EE684B000693AD9 /* Release */,
			);
			defaultConfigurationIsVisible = 0;
			defaultConfigurationName = Release;
		};
		D9E73CAC1EE684B000693AD9 /* Build configuration list for PBXNativeTarget "SupervisedLearningStocks" */ = {
			isa = XCConfigurationList;
			buildConfigurations = (
				D9E73CAD1EE684B000693AD9 /* Debug */,
				D9E73CAE1EE684B000693AD9 /* Release */,
			);
			defaultConfigurationIsVisible = 0;
		};
/* End XCConfigurationList section */
	};
	rootObject = D9E73C9D1EE684B000693AD9 /* Project object */;
}
